
Microsoft Visual Studio Solution File, Format Version 12.00
# Visual Studio Version 16
VisualStudioVersion = 16.0.31515.178
MinimumVisualStudioVersion = 10.0.40219.1
Project("{FAE04EC0-301F-11D3-BF4B-00C04F79EFBC}") = "Entities", "Entities\Entities.csproj", "{1B374721-5689-4DFF-8748-0989240BA19F}"
EndProject
Project("{FAE04EC0-301F-11D3-BF4B-00C04F79EFBC}") = "Business", "Business\Business.csproj", "{A63842BA-6ECA-4279-9031-00E1B0AFEB09}"
EndProject
Project("{FAE04EC0-301F-11D3-BF4B-00C04F79EFBC}") = "DataAccess", "DataAccess\DataAccess.csproj", "{DEEB250A-C7B8-4980-B5EB-77D0ED2F473F}"
EndProject
Global
	GlobalSection(SolutionConfigurationPlatforms) = preSolution
		Debug|Any CPU = Debug|Any CPU
		Release|Any CPU = Release|Any CPU
	EndGlobalSection
	GlobalSection(ProjectConfigurationPlatforms) = postSolution
		{1B374721-5689-4DFF-8748-0989240BA19F}.Debug|Any CPU.ActiveCfg = Debug|Any CPU
		{1B374721-5689-4DFF-8748-0989240BA19F}.Debug|Any CPU.Build.0 = Debug|Any CPU
		{1B374721-5689-4DFF-8748-0989240BA19F}.Release|Any CPU.ActiveCfg = Release|Any CPU
		{1B374721-5689-4DFF-8748-0989240BA19F}.Release|Any CPU.Build.0 = Release|Any CPU
		{A63842BA-6ECA-4279-9031-00E1B0AFEB09}.Debug|Any CPU.ActiveCfg = Debug|Any CPU
		{A63842BA-6ECA-4279-9031-00E1B0AFEB09}.Debug|Any CPU.Build.0 = Debug|Any CPU
		{A63842BA-6ECA-4279-9031-00E1B0AFEB09}.Release|Any CPU.ActiveCfg = Release|Any CPU
		{A63842BA-6ECA-4279-9031-00E1B0AFEB09}.Release|Any CPU.Build.0 = Release|Any CPU
		{DEEB250A-C7B8-4980-B5EB-77D0ED2F473F}.Debug|Any CPU.ActiveCfg = Debug|Any CPU
		{DEEB250A-C7B8-4980-B5EB-77D0ED2F473F}.Debug|Any CPU.Build.0 = Debug|Any CPU
		{DEEB250A-C7B8-4980-B5EB-77D0ED2F473F}.Release|Any CPU.ActiveCfg = Release|Any CPU
		{DEEB250A-C7B8-4980-B5EB-77D0ED2F473F}.Release|Any CPU.Build.0 = Release|Any CPU
	EndGlobalSection
	GlobalSection(SolutionProperties) = preSolution
		HideSolutionNode = FALSE
	EndGlobalSection
	GlobalSection(ExtensibilityGlobals) = postSolution
		SolutionGuid = {1F4D3342-E48A-46DC-AF15-673E166171C9}
	EndGlobalSection
EndGlobal
